// !$*UTF8*$!
{
	archiveVersion = 1;
	classes = {
	};
	objectVersion = 56;
	objects = {

/* Begin PBXBuildFile section */
		905988CB2A9D0EF8002BE1DA /* BloomRightView.swift in Sources */ = {isa = PBXBuildFile; fileRef = 905988CA2A9D0EF8002BE1DA /* BloomRightView.swift */; };
		905988CD2A9D0FF1002BE1DA /* PlantBoxView.swift in Sources */ = {isa = PBXBuildFile; fileRef = 905988CC2A9D0FF1002BE1DA /* PlantBoxView.swift */; };
		90FFB9092A90F5C20065FB98 /* BloomRightApp.swift in Sources */ = {isa = PBXBuildFile; fileRef = 90FFB9082A90F5C20065FB98 /* BloomRightApp.swift */; };
		90FFB90B2A90F5C20065FB98 /* ContentView.swift in Sources */ = {isa = PBXBuildFile; fileRef = 90FFB90A2A90F5C20065FB98 /* ContentView.swift */; };
		90FFB90D2A90F5C40065FB98 /* Assets.xcassets in Resources */ = {isa = PBXBuildFile; fileRef = 90FFB90C2A90F5C40065FB98 /* Assets.xcassets */; };
		90FFB9112A90F5C40065FB98 /* Preview Assets.xcassets in Resources */ = {isa = PBXBuildFile; fileRef = 90FFB9102A90F5C40065FB98 /* Preview Assets.xcassets */; };
		90FFB91B2A90F5C40065FB98 /* BloomRightTests.swift in Sources */ = {isa = PBXBuildFile; fileRef = 90FFB91A2A90F5C40065FB98 /* BloomRightTests.swift */; };
		90FFB9252A90F5C40065FB98 /* BloomRightUITests.swift in Sources */ = {isa = PBXBuildFile; fileRef = 90FFB9242A90F5C40065FB98 /* BloomRightUITests.swift */; };
		90FFB9272A90F5C40065FB98 /* BloomRightUITestsLaunchTests.swift in Sources */ = {isa = PBXBuildFile; fileRef = 90FFB9262A90F5C40065FB98 /* BloomRightUITestsLaunchTests.swift */; };
/* End PBXBuildFile section */

/* Begin PBXContainerItemProxy section */
		90FFB9172A90F5C40065FB98 /* PBXContainerItemProxy */ = {
			isa = PBXContainerItemProxy;
			containerPortal = 90FFB8FD2A90F5C20065FB98 /* Project object */;
			proxyType = 1;
			remoteGlobalIDString = 90FFB9042A90F5C20065FB98;
			remoteInfo = BloomRight;
		};
		90FFB9212A90F5C40065FB98 /* PBXContainerItemProxy */ = {
			isa = PBXContainerItemProxy;
			containerPortal = 90FFB8FD2A90F5C20065FB98 /* Project object */;
			proxyType = 1;
			remoteGlobalIDString = 90FFB9042A90F5C20065FB98;
			remoteInfo = BloomRight;
		};
/* End PBXContainerItemProxy section */

/* Begin PBXFileReference section */
		905988CA2A9D0EF8002BE1DA /* BloomRightView.swift */ = {isa = PBXFileReference; lastKnownFileType = sourcecode.swift; path = BloomRightView.swift; sourceTree = "<group>"; };
		905988CC2A9D0FF1002BE1DA /* PlantBoxView.swift */ = {isa = PBXFileReference; lastKnownFileType = sourcecode.swift; path = PlantBoxView.swift; sourceTree = "<group>"; };
		90FFB9052A90F5C20065FB98 /* BloomRight.app */ = {isa = PBXFileReference; explicitFileType = wrapper.application; includeInIndex = 0; path = BloomRight.app; sourceTree = BUILT_PRODUCTS_DIR; };
		90FFB9082A90F5C20065FB98 /* BloomRightApp.swift */ = {isa = PBXFileReference; lastKnownFileType = sourcecode.swift; path = BloomRightApp.swift; sourceTree = "<group>"; };
		90FFB90A2A90F5C20065FB98 /* ContentView.swift */ = {isa = PBXFileReference; lastKnownFileType = sourcecode.swift; path = ContentView.swift; sourceTree = "<group>"; xcLanguageSpecificationIdentifier = xcode.lang.swift; };
		90FFB90C2A90F5C40065FB98 /* Assets.xcassets */ = {isa = PBXFileReference; lastKnownFileType = folder.assetcatalog; path = Assets.xcassets; sourceTree = "<group>"; };
		90FFB90E2A90F5C40065FB98 /* BloomRight.entitlements */ = {isa = PBXFileReference; lastKnownFileType = text.plist.entitlements; path = BloomRight.entitlements; sourceTree = "<group>"; };
		90FFB9102A90F5C40065FB98 /* Preview Assets.xcassets */ = {isa = PBXFileReference; lastKnownFileType = folder.assetcatalog; path = "Preview Assets.xcassets"; sourceTree = "<group>"; };
		90FFB9162A90F5C40065FB98 /* BloomRightTests.xctest */ = {isa = PBXFileReference; explicitFileType = wrapper.cfbundle; includeInIndex = 0; path = BloomRightTests.xctest; sourceTree = BUILT_PRODUCTS_DIR; };
		90FFB91A2A90F5C40065FB98 /* BloomRightTests.swift */ = {isa = PBXFileReference; lastKnownFileType = sourcecode.swift; path = BloomRightTests.swift; sourceTree = "<group>"; };
		90FFB9202A90F5C40065FB98 /* BloomRightUITests.xctest */ = {isa = PBXFileReference; explicitFileType = wrapper.cfbundle; includeInIndex = 0; path = BloomRightUITests.xctest; sourceTree = BUILT_PRODUCTS_DIR; };
		90FFB9242A90F5C40065FB98 /* BloomRightUITests.swift */ = {isa = PBXFileReference; lastKnownFileType = sourcecode.swift; path = BloomRightUITests.swift; sourceTree = "<group>"; };
		90FFB9262A90F5C40065FB98 /* BloomRightUITestsLaunchTests.swift */ = {isa = PBXFileReference; lastKnownFileType = sourcecode.swift; path = BloomRightUITestsLaunchTests.swift; sourceTree = "<group>"; };
/* End PBXFileReference section */

/* Begin PBXFrameworksBuildPhase section */
		90FFB9022A90F5C20065FB98 /* Frameworks */ = {
			isa = PBXFrameworksBuildPhase;
			buildActionMask = 2147483647;
			files = (
			);
			runOnlyForDeploymentPostprocessing = 0;
		};
		90FFB9132A90F5C40065FB98 /* Frameworks */ = {
			isa = PBXFrameworksBuildPhase;
			buildActionMask = 2147483647;
			files = (
			);
			runOnlyForDeploymentPostprocessing = 0;
		};
		90FFB91D2A90F5C40065FB98 /* Frameworks */ = {
			isa = PBXFrameworksBuildPhase;
			buildActionMask = 2147483647;
			files = (
			);
			runOnlyForDeploymentPostprocessing = 0;
		};
/* End PBXFrameworksBuildPhase section */

/* Begin PBXGroup section */
		90FFB8FC2A90F5C20065FB98 = {
			isa = PBXGroup;
			children = (
				90FFB9072A90F5C20065FB98 /* BloomRight */,
				90FFB9192A90F5C40065FB98 /* BloomRightTests */,
				90FFB9232A90F5C40065FB98 /* BloomRightUITests */,
				90FFB9062A90F5C20065FB98 /* Products */,
			);
			sourceTree = "<group>";
		};
		90FFB9062A90F5C20065FB98 /* Products */ = {
			isa = PBXGroup;
			children = (
				90FFB9052A90F5C20065FB98 /* BloomRight.app */,
				90FFB9162A90F5C40065FB98 /* BloomRightTests.xctest */,
				90FFB9202A90F5C40065FB98 /* BloomRightUITests.xctest */,
			);
			name = Products;
			sourceTree = "<group>";
		};
		90FFB9072A90F5C20065FB98 /* BloomRight */ = {
			isa = PBXGroup;
			children = (
				905988CC2A9D0FF1002BE1DA /* PlantBoxView.swift */,
				90FFB9082A90F5C20065FB98 /* BloomRightApp.swift */,
				90FFB90A2A90F5C20065FB98 /* ContentView.swift */,
				905988CA2A9D0EF8002BE1DA /* BloomRightView.swift */,
				90FFB90C2A90F5C40065FB98 /* Assets.xcassets */,
				90FFB90E2A90F5C40065FB98 /* BloomRight.entitlements */,
				90FFB90F2A90F5C40065FB98 /* Preview Content */,
			);
			path = BloomRight;
			sourceTree = "<group>";
		};
		90FFB90F2A90F5C40065FB98 /* Preview Content */ = {
			isa = PBXGroup;
			children = (
				90FFB9102A90F5C40065FB98 /* Preview Assets.xcassets */,
			);
			path = "Preview Content";
			sourceTree = "<group>";
		};
		90FFB9192A90F5C40065FB98 /* BloomRightTests */ = {
			isa = PBXGroup;
			children = (
				90FFB91A2A90F5C40065FB98 /* BloomRightTests.swift */,
			);
			path = BloomRightTests;
			sourceTree = "<group>";
		};
		90FFB9232A90F5C40065FB98 /* BloomRightUITests */ = {
			isa = PBXGroup;
			children = (
				90FFB9242A90F5C40065FB98 /* BloomRightUITests.swift */,
				90FFB9262A90F5C40065FB98 /* BloomRightUITestsLaunchTests.swift */,
			);
			path = BloomRightUITests;
			sourceTree = "<group>";
		};
/* End PBXGroup section */

/* Begin PBXNativeTarget section */
		90FFB9042A90F5C20065FB98 /* BloomRight */ = {
			isa = PBXNativeTarget;
			buildConfigurationList = 90FFB92A2A90F5C40065FB98 /* Build configuration list for PBXNativeTarget "BloomRight" */;
			buildPhases = (
				90FFB9012A90F5C20065FB98 /* Sources */,
				90FFB9022A90F5C20065FB98 /* Frameworks */,
				90FFB9032A90F5C20065FB98 /* Resources */,
			);
			buildRules = (
			);
			dependencies = (
			);
			name = BloomRight;
			productName = BloomRight;
			productReference = 90FFB9052A90F5C20065FB98 /* BloomRight.app */;
			productType = "com.apple.product-type.application";
		};
		90FFB9152A90F5C40065FB98 /* BloomRightTests */ = {
			isa = PBXNativeTarget;
			buildConfigurationList = 90FFB92D2A90F5C40065FB98 /* Build configuration list for PBXNativeTarget "BloomRightTests" */;
			buildPhases = (
				90FFB9122A90F5C40065FB98 /* Sources */,
				90FFB9132A90F5C40065FB98 /* Frameworks */,
				90FFB9142A90F5C40065FB98 /* Resources */,
			);
			buildRules = (
			);
			dependencies = (
				90FFB9182A90F5C40065FB98 /* PBXTargetDependency */,
			);
			name = BloomRightTests;
			productName = BloomRightTests;
			productReference = 90FFB9162A90F5C40065FB98 /* BloomRightTests.xctest */;
			productType = "com.apple.product-type.bundle.unit-test";
		};
		90FFB91F2A90F5C40065FB98 /* BloomRightUITests */ = {
			isa = PBXNativeTarget;
			buildConfigurationList = 90FFB9302A90F5C40065FB98 /* Build configuration list for PBXNativeTarget "BloomRightUITests" */;
			buildPhases = (
				90FFB91C2A90F5C40065FB98 /* Sources */,
				90FFB91D2A90F5C40065FB98 /* Frameworks */,
				90FFB91E2A90F5C40065FB98 /* Resources */,
			);
			buildRules = (
			);
			dependencies = (
				90FFB9222A90F5C40065FB98 /* PBXTargetDependency */,
			);
			name = BloomRightUITests;
			productName = BloomRightUITests;
			productReference = 90FFB9202A90F5C40065FB98 /* BloomRightUITests.xctest */;
			productType = "com.apple.product-type.bundle.ui-testing";
		};
/* End PBXNativeTarget section */

/* Begin PBXProject section */
		90FFB8FD2A90F5C20065FB98 /* Project object */ = {
			isa = PBXProject;
			attributes = {
				BuildIndependentTargetsInParallel = 1;
				LastSwiftUpdateCheck = 1430;
				LastUpgradeCheck = 1430;
				TargetAttributes = {
					90FFB9042A90F5C20065FB98 = {
						CreatedOnToolsVersion = 14.3.1;
					};
					90FFB9152A90F5C40065FB98 = {
						CreatedOnToolsVersion = 14.3.1;
						TestTargetID = 90FFB9042A90F5C20065FB98;
					};
					90FFB91F2A90F5C40065FB98 = {
						CreatedOnToolsVersion = 14.3.1;
						TestTargetID = 90FFB9042A90F5C20065FB98;
					};
				};
			};
			buildConfigurationList = 90FFB9002A90F5C20065FB98 /* Build configuration list for PBXProject "BloomRight" */;
			compatibilityVersion = "Xcode 14.0";
			developmentRegion = en;
			hasScannedForEncodings = 0;
			knownRegions = (
				en,
				Base,
			);
			mainGroup = 90FFB8FC2A90F5C20065FB98;
			productRefGroup = 90FFB9062A90F5C20065FB98 /* Products */;
			projectDirPath = "";
			projectRoot = "";
			targets = (
				90FFB9042A90F5C20065FB98 /* BloomRight */,
				90FFB9152A90F5C40065FB98 /* BloomRightTests */,
				90FFB91F2A90F5C40065FB98 /* BloomRightUITests */,
			);
		};
/* End PBXProject section */

/* Begin PBXResourcesBuildPhase section */
		90FFB9032A90F5C20065FB98 /* Resources */ = {
			isa = PBXResourcesBuildPhase;
			buildActionMask = 2147483647;
			files = (
				90FFB9112A90F5C40065FB98 /* Preview Assets.xcassets in Resources */,
				90FFB90D2A90F5C40065FB98 /* Assets.xcassets in Resources */,
			);
			runOnlyForDeploymentPostprocessing = 0;
		};
		90FFB9142A90F5C40065FB98 /* Resources */ = {
			isa = PBXResourcesBuildPhase;
			buildActionMask = 2147483647;
			files = (
			);
			runOnlyForDeploymentPostprocessing = 0;
		};
		90FFB91E2A90F5C40065FB98 /* Resources */ = {
			isa = PBXResourcesBuildPhase;
			buildActionMask = 2147483647;
			files = (
			);
			runOnlyForDeploymentPostprocessing = 0;
		};
/* End PBXResourcesBuildPhase section */

/* Begin PBXSourcesBuildPhase section */
		90FFB9012A90F5C20065FB98 /* Sources */ = {
			isa = PBXSourcesBuildPhase;
			buildActionMask = 2147483647;
			files = (
				905988CD2A9D0FF1002BE1DA /* PlantBoxView.swift in Sources */,
				90FFB90B2A90F5C20065FB98 /* ContentView.swift in Sources */,
				90FFB9092A90F5C20065FB98 /* BloomRightApp.swift in Sources */,
				905988CB2A9D0EF8002BE1DA /* BloomRightView.swift in Sources */,
			);
			runOnlyForDeploymentPostprocessing = 0;
		};
		90FFB9122A90F5C40065FB98 /* Sources */ = {
			isa = PBXSourcesBuildPhase;
			buildActionMask = 2147483647;
			files = (
				90FFB91B2A90F5C40065FB98 /* BloomRightTests.swift in Sources */,
			);
			runOnlyForDeploymentPostprocessing = 0;
		};
		90FFB91C2A90F5C40065FB98 /* Sources */ = {
			isa = PBXSourcesBuildPhase;
			buildActionMask = 2147483647;
			files = (
				90FFB9252A90F5C40065FB98 /* BloomRightUITests.swift in Sources */,
				90FFB9272A90F5C40065FB98 /* BloomRightUITestsLaunchTests.swift in Sources */,
			);
			runOnlyForDeploymentPostprocessing = 0;
		};
/* End PBXSourcesBuildPhase section */

/* Begin PBXTargetDependency section */
		90FFB9182A90F5C40065FB98 /* PBXTargetDependency */ = {
			isa = PBXTargetDependency;
			target = 90FFB9042A90F5C20065FB98 /* BloomRight */;
			targetProxy = 90FFB9172A90F5C40065FB98 /* PBXContainerItemProxy */;
		};
		90FFB9222A90F5C40065FB98 /* PBXTargetDependency */ = {
			isa = PBXTargetDependency;
			target = 90FFB9042A90F5C20065FB98 /* BloomRight */;
			targetProxy = 90FFB9212A90F5C40065FB98 /* PBXContainerItemProxy */;
		};
/* End PBXTargetDependency section */

/* Begin XCBuildConfiguration section */
		90FFB9282A90F5C40065FB98 /* Debug */ = {
			isa = XCBuildConfiguration;
			buildSettings = {
				ALWAYS_SEARCH_USER_PATHS = NO;
				CLANG_ANALYZER_NONNULL = YES;
				CLANG_ANALYZER_NUMBER_OBJECT_CONVERSION = YES_AGGRESSIVE;
				CLANG_CXX_LANGUAGE_STANDARD = "gnu++20";
				CLANG_ENABLE_MODULES = YES;
				CLANG_ENABLE_OBJC_ARC = YES;
				CLANG_ENABLE_OBJC_WEAK = YES;
				CLANG_WARN_BLOCK_CAPTURE_AUTORELEASING = YES;
				CLANG_WARN_BOOL_CONVERSION = YES;
				CLANG_WARN_COMMA = YES;
				CLANG_WARN_CONSTANT_CONVERSION = YES;
				CLANG_WARN_DEPRECATED_OBJC_IMPLEMENTATIONS = YES;
				CLANG_WARN_DIRECT_OBJC_ISA_USAGE = YES_ERROR;
				CLANG_WARN_DOCUMENTATION_COMMENTS = YES;
				CLANG_WARN_EMPTY_BODY = YES;
				CLANG_WARN_ENUM_CONVERSION = YES;
				CLANG_WARN_INFINITE_RECURSION = YES;
				CLANG_WARN_INT_CONVERSION = YES;
				CLANG_WARN_NON_LITERAL_NULL_CONVERSION = YES;
				CLANG_WARN_OBJC_IMPLICIT_RETAIN_SELF = YES;
				CLANG_WARN_OBJC_LITERAL_CONVERSION = YES;
				CLANG_WARN_OBJC_ROOT_CLASS = YES_ERROR;
				CLANG_WARN_QUOTED_INCLUDE_IN_FRAMEWORK_HEADER = YES;
				CLANG_WARN_RANGE_LOOP_ANALYSIS = YES;
				CLANG_WARN_STRICT_PROTOTYPES = YES;
				CLANG_WARN_SUSPICIOUS_MOVE = YES;
				CLANG_WARN_UNGUARDED_AVAILABILITY = YES_AGGRESSIVE;
				CLANG_WARN_UNREACHABLE_CODE = YES;
				CLANG_WARN__DUPLICATE_METHOD_MATCH = YES;
				COPY_PHASE_STRIP = NO;
				DEBUG_INFORMATION_FORMAT = dwarf;
				ENABLE_STRICT_OBJC_MSGSEND = YES;
				ENABLE_TESTABILITY = YES;
				GCC_C_LANGUAGE_STANDARD = gnu11;
				GCC_DYNAMIC_NO_PIC = NO;
				GCC_NO_COMMON_BLOCKS = YES;
				GCC_OPTIMIZATION_LEVEL = 0;
				GCC_PREPROCESSOR_DEFINITIONS = (
					"DEBUG=1",
					"$(inherited)",
				);
				GCC_WARN_64_TO_32_BIT_CONVERSION = YES;
				GCC_WARN_ABOUT_RETURN_TYPE = YES_ERROR;
				GCC_WARN_UNDECLARED_SELECTOR = YES;
				GCC_WARN_UNINITIALIZED_AUTOS = YES_AGGRESSIVE;
				GCC_WARN_UNUSED_FUNCTION = YES;
				GCC_WARN_UNUSED_VARIABLE = YES;
				MTL_ENABLE_DEBUG_INFO = INCLUDE_SOURCE;
				MTL_FAST_MATH = YES;
				ONLY_ACTIVE_ARCH = YES;
				SWIFT_ACTIVE_COMPILATION_CONDITIONS = DEBUG;
				SWIFT_OPTIMIZATION_LEVEL = "-Onone";
			};
			name = Debug;
		};
		90FFB9292A90F5C40065FB98 /* Release */ = {
			isa = XCBuildConfiguration;
			buildSettings = {
				ALWAYS_SEARCH_USER_PATHS = NO;
				CLANG_ANALYZER_NONNULL = YES;
				CLANG_ANALYZER_NUMBER_OBJECT_CONVERSION = YES_AGGRESSIVE;
				CLANG_CXX_LANGUAGE_STANDARD = "gnu++20";
				CLANG_ENABLE_MODULES = YES;
				CLANG_ENABLE_OBJC_ARC = YES;
				CLANG_ENABLE_OBJC_WEAK = YES;
				CLANG_WARN_BLOCK_CAPTURE_AUTORELEASING = YES;
				CLANG_WARN_BOOL_CONVERSION = YES;
				CLANG_WARN_COMMA = YES;
				CLANG_WARN_CONSTANT_CONVERSION = YES;
				CLANG_WARN_DEPRECATED_OBJC_IMPLEMENTATIONS = YES;
				CLANG_WARN_DIRECT_OBJC_ISA_USAGE = YES_ERROR;
				CLANG_WARN_DOCUMENTATION_COMMENTS = YES;
				CLANG_WARN_EMPTY_BODY = YES;
				CLANG_WARN_ENUM_CONVERSION = YES;
				CLANG_WARN_INFINITE_RECURSION = YES;
				CLANG_WARN_INT_CONVERSION = YES;
				CLANG_WARN_NON_LITERAL_NULL_CONVERSION = YES;
				CLANG_WARN_OBJC_IMPLICIT_RETAIN_SELF = YES;
				CLANG_WARN_OBJC_LITERAL_CONVERSION = YES;
				CLANG_WARN_OBJC_ROOT_CLASS = YES_ERROR;
				CLANG_WARN_QUOTED_INCLUDE_IN_FRAMEWORK_HEADER = YES;
				CLANG_WARN_RANGE_LOOP_ANALYSIS = YES;
				CLANG_WARN_STRICT_PROTOTYPES = YES;
				CLANG_WARN_SUSPICIOUS_MOVE = YES;
				CLANG_WARN_UNGUARDED_AVAILABILITY = YES_AGGRESSIVE;
				CLANG_WARN_UNREACHABLE_CODE = YES;
				CLANG_WARN__DUPLICATE_METHOD_MATCH = YES;
				COPY_PHASE_STRIP = NO;
				DEBUG_INFORMATION_FORMAT = "dwarf-with-dsym";
				ENABLE_NS_ASSERTIONS = NO;
				ENABLE_STRICT_OBJC_MSGSEND = YES;
				GCC_C_LANGUAGE_STANDARD = gnu11;
				GCC_NO_COMMON_BLOCKS = YES;
				GCC_WARN_64_TO_32_BIT_CONVERSION = YES;
				GCC_WARN_ABOUT_RETURN_TYPE = YES_ERROR;
				GCC_WARN_UNDECLARED_SELECTOR = YES;
				GCC_WARN_UNINITIALIZED_AUTOS = YES_AGGRESSIVE;
				GCC_WARN_UNUSED_FUNCTION = YES;
				GCC_WARN_UNUSED_VARIABLE = YES;
				MTL_ENABLE_DEBUG_INFO = NO;
				MTL_FAST_MATH = YES;
				SWIFT_COMPILATION_MODE = wholemodule;
				SWIFT_OPTIMIZATION_LEVEL = "-O";
			};
			name = Release;
		};
		90FFB92B2A90F5C40065FB98 /* Debug */ = {
			isa = XCBuildConfiguration;
			buildSettings = {
				ASSETCATALOG_COMPILER_APPICON_NAME = AppIcon;
				ASSETCATALOG_COMPILER_GLOBAL_ACCENT_COLOR_NAME = AccentColor;
				CODE_SIGN_ENTITLEMENTS = BloomRight/BloomRight.entitlements;
				CODE_SIGN_STYLE = Automatic;
				CURRENT_PROJECT_VERSION = 1;
				DEVELOPMENT_ASSET_PATHS = "\"BloomRight/Preview Content\"";
				DEVELOPMENT_TEAM = XWX26WLYVC;
				ENABLE_PREVIEWS = YES;
				GENERATE_INFOPLIST_FILE = YES;
				"INFOPLIST_KEY_UIApplicationSceneManifest_Generation[sdk=iphoneos*]" = YES;
				"INFOPLIST_KEY_UIApplicationSceneManifest_Generation[sdk=iphonesimulator*]" = YES;
				"INFOPLIST_KEY_UIApplicationSupportsIndirectInputEvents[sdk=iphoneos*]" = YES;
				"INFOPLIST_KEY_UIApplicationSupportsIndirectInputEvents[sdk=iphonesimulator*]" = YES;
				"INFOPLIST_KEY_UILaunchScreen_Generation[sdk=iphoneos*]" = YES;
				"INFOPLIST_KEY_UILaunchScreen_Generation[sdk=iphonesimulator*]" = YES;
				"INFOPLIST_KEY_UIStatusBarStyle[sdk=iphoneos*]" = UIStatusBarStyleDefault;
				"INFOPLIST_KEY_UIStatusBarStyle[sdk=iphonesimulator*]" = UIStatusBarStyleDefault;
				INFOPLIST_KEY_UISupportedInterfaceOrientations_iPad = "UIInterfaceOrientationPortrait UIInterfaceOrientationPortraitUpsideDown UIInterfaceOrientationLandscapeLeft UIInterfaceOrientationLandscapeRight";
				INFOPLIST_KEY_UISupportedInterfaceOrientations_iPhone = "UIInterfaceOrientationPortrait UIInterfaceOrientationLandscapeLeft UIInterfaceOrientationLandscapeRight";
				IPHONEOS_DEPLOYMENT_TARGET = 16.4;
				LD_RUNPATH_SEARCH_PATHS = "@executable_path/Frameworks";
				"LD_RUNPATH_SEARCH_PATHS[sdk=macosx*]" = "@executable_path/../Frameworks";
				MACOSX_DEPLOYMENT_TARGET = 13.3;
				MARKETING_VERSION = 1.0;
				PRODUCT_BUNDLE_IDENTIFIER = LetThePlants.BloomRight;
				PRODUCT_NAME = "$(TARGET_NAME)";
				SDKROOT = auto;
				SUPPORTED_PLATFORMS = "iphoneos iphonesimulator macosx";
				SWIFT_EMIT_LOC_STRINGS = YES;
				SWIFT_VERSION = 5.0;
				TARGETED_DEVICE_FAMILY = "1,2";
			};
			name = Debug;
		};
		90FFB92C2A90F5C40065FB98 /* Release */ = {
			isa = XCBuildConfiguration;
			buildSettings = {
				ASSETCATALOG_COMPILER_APPICON_NAME = AppIcon;
				ASSETCATALOG_COMPILER_GLOBAL_ACCENT_COLOR_NAME = AccentColor;
				CODE_SIGN_ENTITLEMENTS = BloomRight/BloomRight.entitlements;
				CODE_SIGN_STYLE = Automatic;
				CURRENT_PROJECT_VERSION = 1;
				DEVELOPMENT_ASSET_PATHS = "\"BloomRight/Preview Content\"";
				DEVELOPMENT_TEAM = XWX26WLYVC;
				ENABLE_PREVIEWS = YES;
				GENERATE_INFOPLIST_FILE = YES;
				"INFOPLIST_KEY_UIApplicationSceneManifest_Generation[sdk=iphoneos*]" = YES;
				"INFOPLIST_KEY_UIApplicationSceneManifest_Generation[sdk=iphonesimulator*]" = YES;
				"INFOPLIST_KEY_UIApplicationSupportsIndirectInputEvents[sdk=iphoneos*]" = YES;
				"INFOPLIST_KEY_UIApplicationSupportsIndirectInputEvents[sdk=iphonesimulator*]" = YES;
				"INFOPLIST_KEY_UILaunchScreen_Generation[sdk=iphoneos*]" = YES;
				"INFOPLIST_KEY_UILaunchScreen_Generation[sdk=iphonesimulator*]" = YES;
				"INFOPLIST_KEY_UIStatusBarStyle[sdk=iphoneos*]" = UIStatusBarStyleDefault;
				"INFOPLIST_KEY_UIStatusBarStyle[sdk=iphonesimulator*]" = UIStatusBarStyleDefault;
				INFOPLIST_KEY_UISupportedInterfaceOrientations_iPad = "UIInterfaceOrientationPortrait UIInterfaceOrientationPortraitUpsideDown UIInterfaceOrientationLandscapeLeft UIInterfaceOrientationLandscapeRight";
				INFOPLIST_KEY_UISupportedInterfaceOrientations_iPhone = "UIInterfaceOrientationPortrait UIInterfaceOrientationLandscapeLeft UIInterfaceOrientationLandscapeRight";
				IPHONEOS_DEPLOYMENT_TARGET = 16.4;
				LD_RUNPATH_SEARCH_PATHS = "@executable_path/Frameworks";
				"LD_RUNPATH_SEARCH_PATHS[sdk=macosx*]" = "@executable_path/../Frameworks";
				MACOSX_DEPLOYMENT_TARGET = 13.3;
				MARKETING_VERSION = 1.0;
				PRODUCT_BUNDLE_IDENTIFIER = LetThePlants.BloomRight;
				PRODUCT_NAME = "$(TARGET_NAME)";
				SDKROOT = auto;
				SUPPORTED_PLATFORMS = "iphoneos iphonesimulator macosx";
				SWIFT_EMIT_LOC_STRINGS = YES;
				SWIFT_VERSION = 5.0;
				TARGETED_DEVICE_FAMILY = "1,2";
			};
			name = Release;
		};
		90FFB92E2A90F5C40065FB98 /* Debug */ = {
			isa = XCBuildConfiguration;
			buildSettings = {
				ALWAYS_EMBED_SWIFT_STANDARD_LIBRARIES = YES;
				BUNDLE_LOADER = "$(TEST_HOST)";
				CODE_SIGN_STYLE = Automatic;
				CURRENT_PROJECT_VERSION = 1;
				GENERATE_INFOPLIST_FILE = YES;
				IPHONEOS_DEPLOYMENT_TARGET = 16.4;
				MACOSX_DEPLOYMENT_TARGET = 13.3;
				MARKETING_VERSION = 1.0;
				PRODUCT_BUNDLE_IDENTIFIER = LetThePlants.BloomRightTests;
				PRODUCT_NAME = "$(TARGET_NAME)";
				SDKROOT = auto;
				SUPPORTED_PLATFORMS = "iphoneos iphonesimulator macosx";
				SWIFT_EMIT_LOC_STRINGS = NO;
				SWIFT_VERSION = 5.0;
				TARGETED_DEVICE_FAMILY = "1,2";
				TEST_HOST = "$(BUILT_PRODUCTS_DIR)/BloomRight.app/$(BUNDLE_EXECUTABLE_FOLDER_PATH)/BloomRight";
			};
			name = Debug;
		};
		90FFB92F2A90F5C40065FB98 /* Release */ = {
			isa = XCBuildConfiguration;
			buildSettings = {
				ALWAYS_EMBED_SWIFT_STANDARD_LIBRARIES = YES;
				BUNDLE_LOADER = "$(TEST_HOST)";
				CODE_SIGN_STYLE = Automatic;
				CURRENT_PROJECT_VERSION = 1;
				GENERATE_INFOPLIST_FILE = YES;
				IPHONEOS_DEPLOYMENT_TARGET = 16.4;
				MACOSX_DEPLOYMENT_TARGET = 13.3;
				MARKETING_VERSION = 1.0;
				PRODUCT_BUNDLE_IDENTIFIER = LetThePlants.BloomRightTests;
				PRODUCT_NAME = "$(TARGET_NAME)";
				SDKROOT = auto;
				SUPPORTED_PLATFORMS = "iphoneos iphonesimulator macosx";
				SWIFT_EMIT_LOC_STRINGS = NO;
				SWIFT_VERSION = 5.0;
				TARGETED_DEVICE_FAMILY = "1,2";
				TEST_HOST = "$(BUILT_PRODUCTS_DIR)/BloomRight.app/$(BUNDLE_EXECUTABLE_FOLDER_PATH)/BloomRight";
			};
			name = Release;
		};
		90FFB9312A90F5C40065FB98 /* Debug */ = {
			isa = XCBuildConfiguration;
			buildSettings = {
				ALWAYS_EMBED_SWIFT_STANDARD_LIBRARIES = YES;
				CODE_SIGN_STYLE = Automatic;
				CURRENT_PROJECT_VERSION = 1;
				GENERATE_INFOPLIST_FILE = YES;
				IPHONEOS_DEPLOYMENT_TARGET = 16.4;
				MACOSX_DEPLOYMENT_TARGET = 13.3;
				MARKETING_VERSION = 1.0;
				PRODUCT_BUNDLE_IDENTIFIER = LetThePlants.BloomRightUITests;
				PRODUCT_NAME = "$(TARGET_NAME)";
				SDKROOT = auto;
				SUPPORTED_PLATFORMS = "iphoneos iphonesimulator macosx";
				SWIFT_EMIT_LOC_STRINGS = NO;
				SWIFT_VERSION = 5.0;
				TARGETED_DEVICE_FAMILY = "1,2";
				TEST_TARGET_NAME = BloomRight;
			};
			name = Debug;
		};
		90FFB9322A90F5C40065FB98 /* Release */ = {
			isa = XCBuildConfiguration;
			buildSettings = {
				ALWAYS_EMBED_SWIFT_STANDARD_LIBRARIES = YES;
				CODE_SIGN_STYLE = Automatic;
				CURRENT_PROJECT_VERSION = 1;
				GENERATE_INFOPLIST_FILE = YES;
				IPHONEOS_DEPLOYMENT_TARGET = 16.4;
				MACOSX_DEPLOYMENT_TARGET = 13.3;
				MARKETING_VERSION = 1.0;
				PRODUCT_BUNDLE_IDENTIFIER = LetThePlants.BloomRightUITests;
				PRODUCT_NAME = "$(TARGET_NAME)";
				SDKROOT = auto;
				SUPPORTED_PLATFORMS = "iphoneos iphonesimulator macosx";
				SWIFT_EMIT_LOC_STRINGS = NO;
				SWIFT_VERSION = 5.0;
				TARGETED_DEVICE_FAMILY = "1,2";
				TEST_TARGET_NAME = BloomRight;
			};
			name = Release;
		};
/* End XCBuildConfiguration section */

/* Begin XCConfigurationList section */
		90FFB9002A90F5C20065FB98 /* Build configuration list for PBXProject "BloomRight" */ = {
			isa = XCConfigurationList;
			buildConfigurations = (
				90FFB9282A90F5C40065FB98 /* Debug */,
				90FFB9292A90F5C40065FB98 /* Release */,
			);
			defaultConfigurationIsVisible = 0;
			defaultConfigurationName = Release;
		};
		90FFB92A2A90F5C40065FB98 /* Build configuration list for PBXNativeTarget "BloomRight" */ = {
			isa = XCConfigurationList;
			buildConfigurations = (
				90FFB92B2A90F5C40065FB98 /* Debug */,
				90FFB92C2A90F5C40065FB98 /* Release */,
			);
			defaultConfigurationIsVisible = 0;
			defaultConfigurationName = Release;
		};
		90FFB92D2A90F5C40065FB98 /* Build configuration list for PBXNativeTarget "BloomRightTests" */ = {
			isa = XCConfigurationList;
			buildConfigurations = (
				90FFB92E2A90F5C40065FB98 /* Debug */,
				90FFB92F2A90F5C40065FB98 /* Release */,
			);
			defaultConfigurationIsVisible = 0;
			defaultConfigurationName = Release;
		};
		90FFB9302A90F5C40065FB98 /* Build configuration list for PBXNativeTarget "BloomRightUITests" */ = {
			isa = XCConfigurationList;
			buildConfigurations = (
				90FFB9312A90F5C40065FB98 /* Debug */,
				90FFB9322A90F5C40065FB98 /* Release */,
			);
			defaultConfigurationIsVisible = 0;
			defaultConfigurationName = Release;
		};
/* End XCConfigurationList section */
	};
	rootObject = 90FFB8FD2A90F5C20065FB98 /* Project object */;
}
